
Microsoft Visual Studio Solution File, Format Version 12.00
# Visual Studio 15
VisualStudioVersion = 15.0.26124.0
MinimumVisualStudioVersion = 15.0.26124.0
Project("{FAE04EC0-301F-11D3-BF4B-00C04F79EFBC}") = "TestCommon", "..\TestCommon\TestCommon.csproj", "{F746C9BE-CC6E-4319-AC2F-82B028286A72}"
EndProject
Project("{FAE04EC0-301F-11D3-BF4B-00C04F79EFBC}") = "A3", "A3\A3.csproj", "{9B3C560A-E07F-4E42-959F-DA0F6EFC1237}"
EndProject
Project("{FAE04EC0-301F-11D3-BF4B-00C04F79EFBC}") = "A3.Tests", "A3.Tests\A3.Tests.csproj", "{D3F0B6D7-6419-4AD3-8E3A-63CD63D480FF}"
EndProject
Global
	GlobalSection(SolutionConfigurationPlatforms) = preSolution
		Debug|Any CPU = Debug|Any CPU
		Debug|x64 = Debug|x64
		Debug|x86 = Debug|x86
		Release|Any CPU = Release|Any CPU
		Release|x64 = Release|x64
		Release|x86 = Release|x86
	EndGlobalSection
	GlobalSection(SolutionProperties) = preSolution
		HideSolutionNode = FALSE
	EndGlobalSection
	GlobalSection(ProjectConfigurationPlatforms) = postSolution
		{F746C9BE-CC6E-4319-AC2F-82B028286A72}.Debug|Any CPU.ActiveCfg = Debug|Any CPU
		{F746C9BE-CC6E-4319-AC2F-82B028286A72}.Debug|Any CPU.Build.0 = Debug|Any CPU
		{F746C9BE-CC6E-4319-AC2F-82B028286A72}.Debug|x64.ActiveCfg = Debug|Any CPU
		{F746C9BE-CC6E-4319-AC2F-82B028286A72}.Debug|x64.Build.0 = Debug|Any CPU
		{F746C9BE-CC6E-4319-AC2F-82B028286A72}.Debug|x86.ActiveCfg = Debug|Any CPU
		{F746C9BE-CC6E-4319-AC2F-82B028286A72}.Debug|x86.Build.0 = Debug|Any CPU
		{F746C9BE-CC6E-4319-AC2F-82B028286A72}.Release|Any CPU.ActiveCfg = Release|Any CPU
		{F746C9BE-CC6E-4319-AC2F-82B028286A72}.Release|Any CPU.Build.0 = Release|Any CPU
		{F746C9BE-CC6E-4319-AC2F-82B028286A72}.Release|x64.ActiveCfg = Release|Any CPU
		{F746C9BE-CC6E-4319-AC2F-82B028286A72}.Release|x64.Build.0 = Release|Any CPU
		{F746C9BE-CC6E-4319-AC2F-82B028286A72}.Release|x86.ActiveCfg = Release|Any CPU
		{F746C9BE-CC6E-4319-AC2F-82B028286A72}.Release|x86.Build.0 = Release|Any CPU
		{9B3C560A-E07F-4E42-959F-DA0F6EFC1237}.Debug|Any CPU.ActiveCfg = Debug|Any CPU
		{9B3C560A-E07F-4E42-959F-DA0F6EFC1237}.Debug|Any CPU.Build.0 = Debug|Any CPU
		{9B3C560A-E07F-4E42-959F-DA0F6EFC1237}.Debug|x64.ActiveCfg = Debug|Any CPU
		{9B3C560A-E07F-4E42-959F-DA0F6EFC1237}.Debug|x64.Build.0 = Debug|Any CPU
		{9B3C560A-E07F-4E42-959F-DA0F6EFC1237}.Debug|x86.ActiveCfg = Debug|Any CPU
		{9B3C560A-E07F-4E42-959F-DA0F6EFC1237}.Debug|x86.Build.0 = Debug|Any CPU
		{9B3C560A-E07F-4E42-959F-DA0F6EFC1237}.Release|Any CPU.ActiveCfg = Release|Any CPU
		{9B3C560A-E07F-4E42-959F-DA0F6EFC1237}.Release|Any CPU.Build.0 = Release|Any CPU
		{9B3C560A-E07F-4E42-959F-DA0F6EFC1237}.Release|x64.ActiveCfg = Release|Any CPU
		{9B3C560A-E07F-4E42-959F-DA0F6EFC1237}.Release|x64.Build.0 = Release|Any CPU
		{9B3C560A-E07F-4E42-959F-DA0F6EFC1237}.Release|x86.ActiveCfg = Release|Any CPU
		{9B3C560A-E07F-4E42-959F-DA0F6EFC1237}.Release|x86.Build.0 = Release|Any CPU
		{D3F0B6D7-6419-4AD3-8E3A-63CD63D480FF}.Debug|Any CPU.ActiveCfg = Debug|Any CPU
		{D3F0B6D7-6419-4AD3-8E3A-63CD63D480FF}.Debug|Any CPU.Build.0 = Debug|Any CPU
		{D3F0B6D7-6419-4AD3-8E3A-63CD63D480FF}.Debug|x64.ActiveCfg = Debug|Any CPU
		{D3F0B6D7-6419-4AD3-8E3A-63CD63D480FF}.Debug|x64.Build.0 = Debug|Any CPU
		{D3F0B6D7-6419-4AD3-8E3A-63CD63D480FF}.Debug|x86.ActiveCfg = Debug|Any CPU
		{D3F0B6D7-6419-4AD3-8E3A-63CD63D480FF}.Debug|x86.Build.0 = Debug|Any CPU
		{D3F0B6D7-6419-4AD3-8E3A-63CD63D480FF}.Release|Any CPU.ActiveCfg = Release|Any CPU
		{D3F0B6D7-6419-4AD3-8E3A-63CD63D480FF}.Release|Any CPU.Build.0 = Release|Any CPU
		{D3F0B6D7-6419-4AD3-8E3A-63CD63D480FF}.Release|x64.ActiveCfg = Release|Any CPU
		{D3F0B6D7-6419-4AD3-8E3A-63CD63D480FF}.Release|x64.Build.0 = Release|Any CPU
		{D3F0B6D7-6419-4AD3-8E3A-63CD63D480FF}.Release|x86.ActiveCfg = Release|Any CPU
		{D3F0B6D7-6419-4AD3-8E3A-63CD63D480FF}.Release|x86.Build.0 = Release|Any CPU
	EndGlobalSection
EndGlobal
