
Microsoft Visual Studio Solution File, Format Version 12.00
# Visual Studio 15
VisualStudioVersion = 15.0.26124.0
MinimumVisualStudioVersion = 15.0.26124.0
Project("{FAE04EC0-301F-11D3-BF4B-00C04F79EFBC}") = "TestCommon", "..\TestCommon\TestCommon.csproj", "{496BF323-187D-4B64-A83A-00425B5EE0AC}"
EndProject
Project("{FAE04EC0-301F-11D3-BF4B-00C04F79EFBC}") = "E1", "E1\E1.csproj", "{C8E70C1D-014B-4F52-9AA1-64B80E0B9F76}"
EndProject
Project("{FAE04EC0-301F-11D3-BF4B-00C04F79EFBC}") = "E1.Tests", "E1.Tests\E1.Tests.csproj", "{C5E38E36-272D-48C7-B148-72720B094785}"
EndProject
Global
	GlobalSection(SolutionConfigurationPlatforms) = preSolution
		Debug|Any CPU = Debug|Any CPU
		Debug|x64 = Debug|x64
		Debug|x86 = Debug|x86
		Release|Any CPU = Release|Any CPU
		Release|x64 = Release|x64
		Release|x86 = Release|x86
	EndGlobalSection
	GlobalSection(SolutionProperties) = preSolution
		HideSolutionNode = FALSE
	EndGlobalSection
	GlobalSection(ProjectConfigurationPlatforms) = postSolution
		{496BF323-187D-4B64-A83A-00425B5EE0AC}.Debug|Any CPU.ActiveCfg = Debug|Any CPU
		{496BF323-187D-4B64-A83A-00425B5EE0AC}.Debug|Any CPU.Build.0 = Debug|Any CPU
		{496BF323-187D-4B64-A83A-00425B5EE0AC}.Debug|x64.ActiveCfg = Debug|Any CPU
		{496BF323-187D-4B64-A83A-00425B5EE0AC}.Debug|x64.Build.0 = Debug|Any CPU
		{496BF323-187D-4B64-A83A-00425B5EE0AC}.Debug|x86.ActiveCfg = Debug|Any CPU
		{496BF323-187D-4B64-A83A-00425B5EE0AC}.Debug|x86.Build.0 = Debug|Any CPU
		{496BF323-187D-4B64-A83A-00425B5EE0AC}.Release|Any CPU.ActiveCfg = Release|Any CPU
		{496BF323-187D-4B64-A83A-00425B5EE0AC}.Release|Any CPU.Build.0 = Release|Any CPU
		{496BF323-187D-4B64-A83A-00425B5EE0AC}.Release|x64.ActiveCfg = Release|Any CPU
		{496BF323-187D-4B64-A83A-00425B5EE0AC}.Release|x64.Build.0 = Release|Any CPU
		{496BF323-187D-4B64-A83A-00425B5EE0AC}.Release|x86.ActiveCfg = Release|Any CPU
		{496BF323-187D-4B64-A83A-00425B5EE0AC}.Release|x86.Build.0 = Release|Any CPU
		{C8E70C1D-014B-4F52-9AA1-64B80E0B9F76}.Debug|Any CPU.ActiveCfg = Debug|Any CPU
		{C8E70C1D-014B-4F52-9AA1-64B80E0B9F76}.Debug|Any CPU.Build.0 = Debug|Any CPU
		{C8E70C1D-014B-4F52-9AA1-64B80E0B9F76}.Debug|x64.ActiveCfg = Debug|Any CPU
		{C8E70C1D-014B-4F52-9AA1-64B80E0B9F76}.Debug|x64.Build.0 = Debug|Any CPU
		{C8E70C1D-014B-4F52-9AA1-64B80E0B9F76}.Debug|x86.ActiveCfg = Debug|Any CPU
		{C8E70C1D-014B-4F52-9AA1-64B80E0B9F76}.Debug|x86.Build.0 = Debug|Any CPU
		{C8E70C1D-014B-4F52-9AA1-64B80E0B9F76}.Release|Any CPU.ActiveCfg = Release|Any CPU
		{C8E70C1D-014B-4F52-9AA1-64B80E0B9F76}.Release|Any CPU.Build.0 = Release|Any CPU
		{C8E70C1D-014B-4F52-9AA1-64B80E0B9F76}.Release|x64.ActiveCfg = Release|Any CPU
		{C8E70C1D-014B-4F52-9AA1-64B80E0B9F76}.Release|x64.Build.0 = Release|Any CPU
		{C8E70C1D-014B-4F52-9AA1-64B80E0B9F76}.Release|x86.ActiveCfg = Release|Any CPU
		{C8E70C1D-014B-4F52-9AA1-64B80E0B9F76}.Release|x86.Build.0 = Release|Any CPU
		{C5E38E36-272D-48C7-B148-72720B094785}.Debug|Any CPU.ActiveCfg = Debug|Any CPU
		{C5E38E36-272D-48C7-B148-72720B094785}.Debug|Any CPU.Build.0 = Debug|Any CPU
		{C5E38E36-272D-48C7-B148-72720B094785}.Debug|x64.ActiveCfg = Debug|Any CPU
		{C5E38E36-272D-48C7-B148-72720B094785}.Debug|x64.Build.0 = Debug|Any CPU
		{C5E38E36-272D-48C7-B148-72720B094785}.Debug|x86.ActiveCfg = Debug|Any CPU
		{C5E38E36-272D-48C7-B148-72720B094785}.Debug|x86.Build.0 = Debug|Any CPU
		{C5E38E36-272D-48C7-B148-72720B094785}.Release|Any CPU.ActiveCfg = Release|Any CPU
		{C5E38E36-272D-48C7-B148-72720B094785}.Release|Any CPU.Build.0 = Release|Any CPU
		{C5E38E36-272D-48C7-B148-72720B094785}.Release|x64.ActiveCfg = Release|Any CPU
		{C5E38E36-272D-48C7-B148-72720B094785}.Release|x64.Build.0 = Release|Any CPU
		{C5E38E36-272D-48C7-B148-72720B094785}.Release|x86.ActiveCfg = Release|Any CPU
		{C5E38E36-272D-48C7-B148-72720B094785}.Release|x86.Build.0 = Release|Any CPU
	EndGlobalSection
EndGlobal
